
Microsoft Visual Studio Solution File, Format Version 12.00
# Visual Studio Version 17
VisualStudioVersion = 17.1.32421.90
MinimumVisualStudioVersion = 10.0.40219.1
Project("{FAE04EC0-301F-11D3-BF4B-00C04F79EFBC}") = "Exercício 04", "Exercício 04\Exercício 04.csproj", "{BBCC0FBA-200F-4AE8-AF5E-11B340F83EB3}"
EndProject
Global
	GlobalSection(SolutionConfigurationPlatforms) = preSolution
		Debug|Any CPU = Debug|Any CPU
		Release|Any CPU = Release|Any CPU
	EndGlobalSection
	GlobalSection(ProjectConfigurationPlatforms) = postSolution
		{BBCC0FBA-200F-4AE8-AF5E-11B340F83EB3}.Debug|Any CPU.ActiveCfg = Debug|Any CPU
		{BBCC0FBA-200F-4AE8-AF5E-11B340F83EB3}.Debug|Any CPU.Build.0 = Debug|Any CPU
		{BBCC0FBA-200F-4AE8-AF5E-11B340F83EB3}.Release|Any CPU.ActiveCfg = Release|Any CPU
		{BBCC0FBA-200F-4AE8-AF5E-11B340F83EB3}.Release|Any CPU.Build.0 = Release|Any CPU
	EndGlobalSection
	GlobalSection(SolutionProperties) = preSolution
		HideSolutionNode = FALSE
	EndGlobalSection
	GlobalSection(ExtensibilityGlobals) = postSolution
		SolutionGuid = {A872D963-A7BF-4771-8B66-A91158DB3490}
	EndGlobalSection
EndGlobal
